
Microsoft Visual Studio Solution File, Format Version 12.00
# Visual Studio 2017
Project("{FAE04EC0-301F-11D3-BF4B-00C04F79EFBC}") = "Virtual-Art-Gallery-master", "Virtual-Art-Gallery-master.csproj", "{907B300F-12CD-52AF-F4F6-551040C30292}"
EndProject
Project("{FAE04EC0-301F-11D3-BF4B-00C04F79EFBC}") = "Virtual-Art-Gallery-master.Editor", "Virtual-Art-Gallery-master.Editor.csproj", "{CB5C2D7A-9CD8-F2EB-8B6E-BC292421BC75}"
EndProject
Global
	GlobalSection(SolutionConfigurationPlatforms) = preSolution
		Debug|Any CPU = Debug|Any CPU
		Release|Any CPU = Release|Any CPU
	EndGlobalSection
	GlobalSection(ProjectConfigurationPlatforms) = postSolution
		{907B300F-12CD-52AF-F4F6-551040C30292}.Debug|Any CPU.ActiveCfg = Debug|Any CPU
		{907B300F-12CD-52AF-F4F6-551040C30292}.Debug|Any CPU.Build.0 = Debug|Any CPU
		{907B300F-12CD-52AF-F4F6-551040C30292}.Release|Any CPU.ActiveCfg = Release|Any CPU
		{907B300F-12CD-52AF-F4F6-551040C30292}.Release|Any CPU.Build.0 = Release|Any CPU
		{CB5C2D7A-9CD8-F2EB-8B6E-BC292421BC75}.Debug|Any CPU.ActiveCfg = Debug|Any CPU
		{CB5C2D7A-9CD8-F2EB-8B6E-BC292421BC75}.Debug|Any CPU.Build.0 = Debug|Any CPU
		{CB5C2D7A-9CD8-F2EB-8B6E-BC292421BC75}.Release|Any CPU.ActiveCfg = Release|Any CPU
		{CB5C2D7A-9CD8-F2EB-8B6E-BC292421BC75}.Release|Any CPU.Build.0 = Release|Any CPU
	EndGlobalSection
	GlobalSection(SolutionProperties) = preSolution
		HideSolutionNode = FALSE
	EndGlobalSection
EndGlobal
